
Microsoft Visual Studio Solution File, Format Version 12.00
# Visual Studio Version 17
VisualStudioVersion = 17.7.34202.233
MinimumVisualStudioVersion = 10.0.40219.1
Project("{FAE04EC0-301F-11D3-BF4B-00C04F79EFBC}") = "WebJokosApp", "WebJokosApp\WebJokosApp.csproj", "{7F98108E-B8B8-4F27-817C-095E8FE41975}"
EndProject
Global
	GlobalSection(SolutionConfigurationPlatforms) = preSolution
		Debug|Any CPU = Debug|Any CPU
		Release|Any CPU = Release|Any CPU
	EndGlobalSection
	GlobalSection(ProjectConfigurationPlatforms) = postSolution
		{7F98108E-B8B8-4F27-817C-095E8FE41975}.Debug|Any CPU.ActiveCfg = Debug|Any CPU
		{7F98108E-B8B8-4F27-817C-095E8FE41975}.Debug|Any CPU.Build.0 = Debug|Any CPU
		{7F98108E-B8B8-4F27-817C-095E8FE41975}.Release|Any CPU.ActiveCfg = Release|Any CPU
		{7F98108E-B8B8-4F27-817C-095E8FE41975}.Release|Any CPU.Build.0 = Release|Any CPU
	EndGlobalSection
	GlobalSection(SolutionProperties) = preSolution
		HideSolutionNode = FALSE
	EndGlobalSection
	GlobalSection(ExtensibilityGlobals) = postSolution
		SolutionGuid = {AB1B1FAA-184C-4699-BE30-09F4AA29A93D}
	EndGlobalSection
EndGlobal
